// !$*UTF8*$!
{
	archiveVersion = 1;
	classes = {
	};
	objectVersion = 56;
	objects = {

/* Begin PBXBuildFile section */
		706D46CA2AA205DC00B50B61 /* AppDelegate.swift in Sources */ = {isa = PBXBuildFile; fileRef = 706D46C92AA205DC00B50B61 /* AppDelegate.swift */; };
		706D46CC2AA205DC00B50B61 /* SceneDelegate.swift in Sources */ = {isa = PBXBuildFile; fileRef = 706D46CB2AA205DC00B50B61 /* SceneDelegate.swift */; };
		706D46CE2AA205DC00B50B61 /* ViewController.swift in Sources */ = {isa = PBXBuildFile; fileRef = 706D46CD2AA205DC00B50B61 /* ViewController.swift */; };
		706D46D12AA205DC00B50B61 /* Main.storyboard in Resources */ = {isa = PBXBuildFile; fileRef = 706D46CF2AA205DC00B50B61 /* Main.storyboard */; };
		706D46D32AA205DD00B50B61 /* Assets.xcassets in Resources */ = {isa = PBXBuildFile; fileRef = 706D46D22AA205DD00B50B61 /* Assets.xcassets */; };
		706D46D62AA205DD00B50B61 /* LaunchScreen.storyboard in Resources */ = {isa = PBXBuildFile; fileRef = 706D46D42AA205DD00B50B61 /* LaunchScreen.storyboard */; };
		706D46DF2AA23E4C00B50B61 /* CustomCell.swift in Sources */ = {isa = PBXBuildFile; fileRef = 706D46DD2AA23E4C00B50B61 /* CustomCell.swift */; };
		706D46E02AA23E4C00B50B61 /* CustomCell.xib in Resources */ = {isa = PBXBuildFile; fileRef = 706D46DE2AA23E4C00B50B61 /* CustomCell.xib */; };
/* End PBXBuildFile section */

/* Begin PBXFileReference section */
		706D46C62AA205DC00B50B61 /* Sett.app */ = {isa = PBXFileReference; explicitFileType = wrapper.application; includeInIndex = 0; path = Sett.app; sourceTree = BUILT_PRODUCTS_DIR; };
		706D46C92AA205DC00B50B61 /* AppDelegate.swift */ = {isa = PBXFileReference; lastKnownFileType = sourcecode.swift; path = AppDelegate.swift; sourceTree = "<group>"; };
		706D46CB2AA205DC00B50B61 /* SceneDelegate.swift */ = {isa = PBXFileReference; lastKnownFileType = sourcecode.swift; path = SceneDelegate.swift; sourceTree = "<group>"; };
		706D46CD2AA205DC00B50B61 /* ViewController.swift */ = {isa = PBXFileReference; lastKnownFileType = sourcecode.swift; path = ViewController.swift; sourceTree = "<group>"; };
		706D46D02AA205DC00B50B61 /* Base */ = {isa = PBXFileReference; lastKnownFileType = file.storyboard; name = Base; path = Base.lproj/Main.storyboard; sourceTree = "<group>"; };
		706D46D22AA205DD00B50B61 /* Assets.xcassets */ = {isa = PBXFileReference; lastKnownFileType = folder.assetcatalog; path = Assets.xcassets; sourceTree = "<group>"; };
		706D46D52AA205DD00B50B61 /* Base */ = {isa = PBXFileReference; lastKnownFileType = file.storyboard; name = Base; path = Base.lproj/LaunchScreen.storyboard; sourceTree = "<group>"; };
		706D46D72AA205DD00B50B61 /* Info.plist */ = {isa = PBXFileReference; lastKnownFileType = text.plist.xml; path = Info.plist; sourceTree = "<group>"; };
		706D46DD2AA23E4C00B50B61 /* CustomCell.swift */ = {isa = PBXFileReference; lastKnownFileType = sourcecode.swift; path = CustomCell.swift; sourceTree = "<group>"; };
		706D46DE2AA23E4C00B50B61 /* CustomCell.xib */ = {isa = PBXFileReference; lastKnownFileType = file.xib; path = CustomCell.xib; sourceTree = "<group>"; };
/* End PBXFileReference section */

/* Begin PBXFrameworksBuildPhase section */
		706D46C32AA205DC00B50B61 /* Frameworks */ = {
			isa = PBXFrameworksBuildPhase;
			buildActionMask = 2147483647;
			files = (
			);
			runOnlyForDeploymentPostprocessing = 0;
		};
/* End PBXFrameworksBuildPhase section */

/* Begin PBXGroup section */
		706D46BD2AA205DC00B50B61 = {
			isa = PBXGroup;
			children = (
				706D46C82AA205DC00B50B61 /* Sett */,
				706D46C72AA205DC00B50B61 /* Products */,
			);
			sourceTree = "<group>";
		};
		706D46C72AA205DC00B50B61 /* Products */ = {
			isa = PBXGroup;
			children = (
				706D46C62AA205DC00B50B61 /* Sett.app */,
			);
			name = Products;
			sourceTree = "<group>";
		};
		706D46C82AA205DC00B50B61 /* Sett */ = {
			isa = PBXGroup;
			children = (
				706D46C92AA205DC00B50B61 /* AppDelegate.swift */,
				706D46CB2AA205DC00B50B61 /* SceneDelegate.swift */,
				706D46CD2AA205DC00B50B61 /* ViewController.swift */,
				706D46CF2AA205DC00B50B61 /* Main.storyboard */,
				706D46D22AA205DD00B50B61 /* Assets.xcassets */,
				706D46D42AA205DD00B50B61 /* LaunchScreen.storyboard */,
				706D46D72AA205DD00B50B61 /* Info.plist */,
				706D46DD2AA23E4C00B50B61 /* CustomCell.swift */,
				706D46DE2AA23E4C00B50B61 /* CustomCell.xib */,
			);
			path = Sett;
			sourceTree = "<group>";
		};
/* End PBXGroup section */

/* Begin PBXNativeTarget section */
		706D46C52AA205DC00B50B61 /* Sett */ = {
			isa = PBXNativeTarget;
			buildConfigurationList = 706D46DA2AA205DD00B50B61 /* Build configuration list for PBXNativeTarget "Sett" */;
			buildPhases = (
				706D46C22AA205DC00B50B61 /* Sources */,
				706D46C32AA205DC00B50B61 /* Frameworks */,
				706D46C42AA205DC00B50B61 /* Resources */,
			);
			buildRules = (
			);
			dependencies = (
			);
			name = Sett;
			productName = Sett;
			productReference = 706D46C62AA205DC00B50B61 /* Sett.app */;
			productType = "com.apple.product-type.application";
		};
/* End PBXNativeTarget section */

/* Begin PBXProject section */
		706D46BE2AA205DC00B50B61 /* Project object */ = {
			isa = PBXProject;
			attributes = {
				BuildIndependentTargetsInParallel = 1;
				LastSwiftUpdateCheck = 1430;
				LastUpgradeCheck = 1430;
				TargetAttributes = {
					706D46C52AA205DC00B50B61 = {
						CreatedOnToolsVersion = 14.3.1;
					};
				};
			};
			buildConfigurationList = 706D46C12AA205DC00B50B61 /* Build configuration list for PBXProject "Sett" */;
			compatibilityVersion = "Xcode 14.0";
			developmentRegion = en;
			hasScannedForEncodings = 0;
			knownRegions = (
				en,
				Base,
			);
			mainGroup = 706D46BD2AA205DC00B50B61;
			productRefGroup = 706D46C72AA205DC00B50B61 /* Products */;
			projectDirPath = "";
			projectRoot = "";
			targets = (
				706D46C52AA205DC00B50B61 /* Sett */,
			);
		};
/* End PBXProject section */

/* Begin PBXResourcesBuildPhase section */
		706D46C42AA205DC00B50B61 /* Resources */ = {
			isa = PBXResourcesBuildPhase;
			buildActionMask = 2147483647;
			files = (
				706D46D62AA205DD00B50B61 /* LaunchScreen.storyboard in Resources */,
				706D46D32AA205DD00B50B61 /* Assets.xcassets in Resources */,
				706D46E02AA23E4C00B50B61 /* CustomCell.xib in Resources */,
				706D46D12AA205DC00B50B61 /* Main.storyboard in Resources */,
			);
			runOnlyForDeploymentPostprocessing = 0;
		};
/* End PBXResourcesBuildPhase section */

/* Begin PBXSourcesBuildPhase section */
		706D46C22AA205DC00B50B61 /* Sources */ = {
			isa = PBXSourcesBuildPhase;
			buildActionMask = 2147483647;
			files = (
				706D46CE2AA205DC00B50B61 /* ViewController.swift in Sources */,
				706D46CA2AA205DC00B50B61 /* AppDelegate.swift in Sources */,
				706D46DF2AA23E4C00B50B61 /* CustomCell.swift in Sources */,
				706D46CC2AA205DC00B50B61 /* SceneDelegate.swift in Sources */,
			);
			runOnlyForDeploymentPostprocessing = 0;
		};
/* End PBXSourcesBuildPhase section */

/* Begin PBXVariantGroup section */
		706D46CF2AA205DC00B50B61 /* Main.storyboard */ = {
			isa = PBXVariantGroup;
			children = (
				706D46D02AA205DC00B50B61 /* Base */,
			);
			name = Main.storyboard;
			sourceTree = "<group>";
		};
		706D46D42AA205DD00B50B61 /* LaunchScreen.storyboard */ = {
			isa = PBXVariantGroup;
			children = (
				706D46D52AA205DD00B50B61 /* Base */,
			);
			name = LaunchScreen.storyboard;
			sourceTree = "<group>";
		};
/* End PBXVariantGroup section */

/* Begin XCBuildConfiguration section */
		706D46D82AA205DD00B50B61 /* Debug */ = {
			isa = XCBuildConfiguration;
			buildSettings = {
				ALWAYS_SEARCH_USER_PATHS = NO;
				CLANG_ANALYZER_NONNULL = YES;
				CLANG_ANALYZER_NUMBER_OBJECT_CONVERSION = YES_AGGRESSIVE;
				CLANG_CXX_LANGUAGE_STANDARD = "gnu++20";
				CLANG_ENABLE_MODULES = YES;
				CLANG_ENABLE_OBJC_ARC = YES;
				CLANG_ENABLE_OBJC_WEAK = YES;
				CLANG_WARN_BLOCK_CAPTURE_AUTORELEASING = YES;
				CLANG_WARN_BOOL_CONVERSION = YES;
				CLANG_WARN_COMMA = YES;
				CLANG_WARN_CONSTANT_CONVERSION = YES;
				CLANG_WARN_DEPRECATED_OBJC_IMPLEMENTATIONS = YES;
				CLANG_WARN_DIRECT_OBJC_ISA_USAGE = YES_ERROR;
				CLANG_WARN_DOCUMENTATION_COMMENTS = YES;
				CLANG_WARN_EMPTY_BODY = YES;
				CLANG_WARN_ENUM_CONVERSION = YES;
				CLANG_WARN_INFINITE_RECURSION = YES;
				CLANG_WARN_INT_CONVERSION = YES;
				CLANG_WARN_NON_LITERAL_NULL_CONVERSION = YES;
				CLANG_WARN_OBJC_IMPLICIT_RETAIN_SELF = YES;
				CLANG_WARN_OBJC_LITERAL_CONVERSION = YES;
				CLANG_WARN_OBJC_ROOT_CLASS = YES_ERROR;
				CLANG_WARN_QUOTED_INCLUDE_IN_FRAMEWORK_HEADER = YES;
				CLANG_WARN_RANGE_LOOP_ANALYSIS = YES;
				CLANG_WARN_STRICT_PROTOTYPES = YES;
				CLANG_WARN_SUSPICIOUS_MOVE = YES;
				CLANG_WARN_UNGUARDED_AVAILABILITY = YES_AGGRESSIVE;
				CLANG_WARN_UNREACHABLE_CODE = YES;
				CLANG_WARN__DUPLICATE_METHOD_MATCH = YES;
				COPY_PHASE_STRIP = NO;
				DEBUG_INFORMATION_FORMAT = dwarf;
				ENABLE_STRICT_OBJC_MSGSEND = YES;
				ENABLE_TESTABILITY = YES;
				GCC_C_LANGUAGE_STANDARD = gnu11;
				GCC_DYNAMIC_NO_PIC = NO;
				GCC_NO_COMMON_BLOCKS = YES;
				GCC_OPTIMIZATION_LEVEL = 0;
				GCC_PREPROCESSOR_DEFINITIONS = (
					"DEBUG=1",
					"$(inherited)",
				);
				GCC_WARN_64_TO_32_BIT_CONVERSION = YES;
				GCC_WARN_ABOUT_RETURN_TYPE = YES_ERROR;
				GCC_WARN_UNDECLARED_SELECTOR = YES;
				GCC_WARN_UNINITIALIZED_AUTOS = YES_AGGRESSIVE;
				GCC_WARN_UNUSED_FUNCTION = YES;
				GCC_WARN_UNUSED_VARIABLE = YES;
				IPHONEOS_DEPLOYMENT_TARGET = 16.4;
				MTL_ENABLE_DEBUG_INFO = INCLUDE_SOURCE;
				MTL_FAST_MATH = YES;
				ONLY_ACTIVE_ARCH = YES;
				SDKROOT = iphoneos;
				SWIFT_ACTIVE_COMPILATION_CONDITIONS = DEBUG;
				SWIFT_OPTIMIZATION_LEVEL = "-Onone";
			};
			name = Debug;
		};
		706D46D92AA205DD00B50B61 /* Release */ = {
			isa = XCBuildConfiguration;
			buildSettings = {
				ALWAYS_SEARCH_USER_PATHS = NO;
				CLANG_ANALYZER_NONNULL = YES;
				CLANG_ANALYZER_NUMBER_OBJECT_CONVERSION = YES_AGGRESSIVE;
				CLANG_CXX_LANGUAGE_STANDARD = "gnu++20";
				CLANG_ENABLE_MODULES = YES;
				CLANG_ENABLE_OBJC_ARC = YES;
				CLANG_ENABLE_OBJC_WEAK = YES;
				CLANG_WARN_BLOCK_CAPTURE_AUTORELEASING = YES;
				CLANG_WARN_BOOL_CONVERSION = YES;
				CLANG_WARN_COMMA = YES;
				CLANG_WARN_CONSTANT_CONVERSION = YES;
				CLANG_WARN_DEPRECATED_OBJC_IMPLEMENTATIONS = YES;
				CLANG_WARN_DIRECT_OBJC_ISA_USAGE = YES_ERROR;
				CLANG_WARN_DOCUMENTATION_COMMENTS = YES;
				CLANG_WARN_EMPTY_BODY = YES;
				CLANG_WARN_ENUM_CONVERSION = YES;
				CLANG_WARN_INFINITE_RECURSION = YES;
				CLANG_WARN_INT_CONVERSION = YES;
				CLANG_WARN_NON_LITERAL_NULL_CONVERSION = YES;
				CLANG_WARN_OBJC_IMPLICIT_RETAIN_SELF = YES;
				CLANG_WARN_OBJC_LITERAL_CONVERSION = YES;
				CLANG_WARN_OBJC_ROOT_CLASS = YES_ERROR;
				CLANG_WARN_QUOTED_INCLUDE_IN_FRAMEWORK_HEADER = YES;
				CLANG_WARN_RANGE_LOOP_ANALYSIS = YES;
				CLANG_WARN_STRICT_PROTOTYPES = YES;
				CLANG_WARN_SUSPICIOUS_MOVE = YES;
				CLANG_WARN_UNGUARDED_AVAILABILITY = YES_AGGRESSIVE;
				CLANG_WARN_UNREACHABLE_CODE = YES;
				CLANG_WARN__DUPLICATE_METHOD_MATCH = YES;
				COPY_PHASE_STRIP = NO;
				DEBUG_INFORMATION_FORMAT = "dwarf-with-dsym";
				ENABLE_NS_ASSERTIONS = NO;
				ENABLE_STRICT_OBJC_MSGSEND = YES;
				GCC_C_LANGUAGE_STANDARD = gnu11;
				GCC_NO_COMMON_BLOCKS = YES;
				GCC_WARN_64_TO_32_BIT_CONVERSION = YES;
				GCC_WARN_ABOUT_RETURN_TYPE = YES_ERROR;
				GCC_WARN_UNDECLARED_SELECTOR = YES;
				GCC_WARN_UNINITIALIZED_AUTOS = YES_AGGRESSIVE;
				GCC_WARN_UNUSED_FUNCTION = YES;
				GCC_WARN_UNUSED_VARIABLE = YES;
				IPHONEOS_DEPLOYMENT_TARGET = 16.4;
				MTL_ENABLE_DEBUG_INFO = NO;
				MTL_FAST_MATH = YES;
				SDKROOT = iphoneos;
				SWIFT_COMPILATION_MODE = wholemodule;
				SWIFT_OPTIMIZATION_LEVEL = "-O";
				VALIDATE_PRODUCT = YES;
			};
			name = Release;
		};
		706D46DB2AA205DD00B50B61 /* Debug */ = {
			isa = XCBuildConfiguration;
			buildSettings = {
				ASSETCATALOG_COMPILER_APPICON_NAME = AppIcon;
				ASSETCATALOG_COMPILER_GLOBAL_ACCENT_COLOR_NAME = AccentColor;
				CODE_SIGN_STYLE = Automatic;
				CURRENT_PROJECT_VERSION = 1;
				DEVELOPMENT_TEAM = 97T4R8RTVQ;
				GENERATE_INFOPLIST_FILE = YES;
				INFOPLIST_FILE = Sett/Info.plist;
				INFOPLIST_KEY_UIApplicationSupportsIndirectInputEvents = YES;
				INFOPLIST_KEY_UILaunchStoryboardName = LaunchScreen;
				INFOPLIST_KEY_UIMainStoryboardFile = Main;
				INFOPLIST_KEY_UISupportedInterfaceOrientations_iPad = "UIInterfaceOrientationPortrait UIInterfaceOrientationPortraitUpsideDown UIInterfaceOrientationLandscapeLeft UIInterfaceOrientationLandscapeRight";
				INFOPLIST_KEY_UISupportedInterfaceOrientations_iPhone = "UIInterfaceOrientationPortrait UIInterfaceOrientationLandscapeLeft UIInterfaceOrientationLandscapeRight";
				LD_RUNPATH_SEARCH_PATHS = (
					"$(inherited)",
					"@executable_path/Frameworks",
				);
				MARKETING_VERSION = 1.0;
				PRODUCT_BUNDLE_IDENTIFIER = com.example.Sett;
				PRODUCT_NAME = "$(TARGET_NAME)";
				SWIFT_EMIT_LOC_STRINGS = YES;
				SWIFT_VERSION = 5.0;
				TARGETED_DEVICE_FAMILY = "1,2";
			};
			name = Debug;
		};
		706D46DC2AA205DD00B50B61 /* Release */ = {
			isa = XCBuildConfiguration;
			buildSettings = {
				ASSETCATALOG_COMPILER_APPICON_NAME = AppIcon;
				ASSETCATALOG_COMPILER_GLOBAL_ACCENT_COLOR_NAME = AccentColor;
				CODE_SIGN_STYLE = Automatic;
				CURRENT_PROJECT_VERSION = 1;
				DEVELOPMENT_TEAM = 97T4R8RTVQ;
				GENERATE_INFOPLIST_FILE = YES;
				INFOPLIST_FILE = Sett/Info.plist;
				INFOPLIST_KEY_UIApplicationSupportsIndirectInputEvents = YES;
				INFOPLIST_KEY_UILaunchStoryboardName = LaunchScreen;
				INFOPLIST_KEY_UIMainStoryboardFile = Main;
				INFOPLIST_KEY_UISupportedInterfaceOrientations_iPad = "UIInterfaceOrientationPortrait UIInterfaceOrientationPortraitUpsideDown UIInterfaceOrientationLandscapeLeft UIInterfaceOrientationLandscapeRight";
				INFOPLIST_KEY_UISupportedInterfaceOrientations_iPhone = "UIInterfaceOrientationPortrait UIInterfaceOrientationLandscapeLeft UIInterfaceOrientationLandscapeRight";
				LD_RUNPATH_SEARCH_PATHS = (
					"$(inherited)",
					"@executable_path/Frameworks",
				);
				MARKETING_VERSION = 1.0;
				PRODUCT_BUNDLE_IDENTIFIER = com.example.Sett;
				PRODUCT_NAME = "$(TARGET_NAME)";
				SWIFT_EMIT_LOC_STRINGS = YES;
				SWIFT_VERSION = 5.0;
				TARGETED_DEVICE_FAMILY = "1,2";
			};
			name = Release;
		};
/* End XCBuildConfiguration section */

/* Begin XCConfigurationList section */
		706D46C12AA205DC00B50B61 /* Build configuration list for PBXProject "Sett" */ = {
			isa = XCConfigurationList;
			buildConfigurations = (
				706D46D82AA205DD00B50B61 /* Debug */,
				706D46D92AA205DD00B50B61 /* Release */,
			);
			defaultConfigurationIsVisible = 0;
			defaultConfigurationName = Release;
		};
		706D46DA2AA205DD00B50B61 /* Build configuration list for PBXNativeTarget "Sett" */ = {
			isa = XCConfigurationList;
			buildConfigurations = (
				706D46DB2AA205DD00B50B61 /* Debug */,
				706D46DC2AA205DD00B50B61 /* Release */,
			);
			defaultConfigurationIsVisible = 0;
			defaultConfigurationName = Release;
		};
/* End XCConfigurationList section */
	};
	rootObject = 706D46BE2AA205DC00B50B61 /* Project object */;
}
